
Microsoft Visual Studio Solution File, Format Version 12.00
# Visual Studio 15
VisualStudioVersion = 15.0.26403.0
MinimumVisualStudioVersion = 10.0.40219.1
Project("{FAE04EC0-301F-11D3-BF4B-00C04F79EFBC}") = "RasPiBtControl.Android", "RasPiBtControl\RasPiBtControl.Android\RasPiBtControl.Android.csproj", "{4CD93148-DF16-440D-8324-710B460953C3}"
EndProject
Project("{FAE04EC0-301F-11D3-BF4B-00C04F79EFBC}") = "RasPiBtControl", "RasPiBtControl\RasPiBtControl\RasPiBtControl.csproj", "{FDC5C5AD-A715-45DA-939B-22926076C696}"
EndProject
Global
	GlobalSection(SolutionConfigurationPlatforms) = preSolution
		Ad-Hoc|Any CPU = Ad-Hoc|Any CPU
		Ad-Hoc|iPhone = Ad-Hoc|iPhone
		Ad-Hoc|iPhoneSimulator = Ad-Hoc|iPhoneSimulator
		AppStore|Any CPU = AppStore|Any CPU
		AppStore|iPhone = AppStore|iPhone
		AppStore|iPhoneSimulator = AppStore|iPhoneSimulator
		Debug|Any CPU = Debug|Any CPU
		Debug|iPhone = Debug|iPhone
		Debug|iPhoneSimulator = Debug|iPhoneSimulator
		Release|Any CPU = Release|Any CPU
		Release|iPhone = Release|iPhone
		Release|iPhoneSimulator = Release|iPhoneSimulator
	EndGlobalSection
	GlobalSection(ProjectConfigurationPlatforms) = postSolution
		{4CD93148-DF16-440D-8324-710B460953C3}.Ad-Hoc|Any CPU.ActiveCfg = Release|Any CPU
		{4CD93148-DF16-440D-8324-710B460953C3}.Ad-Hoc|Any CPU.Build.0 = Release|Any CPU
		{4CD93148-DF16-440D-8324-710B460953C3}.Ad-Hoc|Any CPU.Deploy.0 = Release|Any CPU
		{4CD93148-DF16-440D-8324-710B460953C3}.Ad-Hoc|iPhone.ActiveCfg = Release|Any CPU
		{4CD93148-DF16-440D-8324-710B460953C3}.Ad-Hoc|iPhone.Build.0 = Release|Any CPU
		{4CD93148-DF16-440D-8324-710B460953C3}.Ad-Hoc|iPhone.Deploy.0 = Release|Any CPU
		{4CD93148-DF16-440D-8324-710B460953C3}.Ad-Hoc|iPhoneSimulator.ActiveCfg = Release|Any CPU
		{4CD93148-DF16-440D-8324-710B460953C3}.Ad-Hoc|iPhoneSimulator.Build.0 = Release|Any CPU
		{4CD93148-DF16-440D-8324-710B460953C3}.Ad-Hoc|iPhoneSimulator.Deploy.0 = Release|Any CPU
		{4CD93148-DF16-440D-8324-710B460953C3}.AppStore|Any CPU.ActiveCfg = Release|Any CPU
		{4CD93148-DF16-440D-8324-710B460953C3}.AppStore|Any CPU.Build.0 = Release|Any CPU
		{4CD93148-DF16-440D-8324-710B460953C3}.AppStore|Any CPU.Deploy.0 = Release|Any CPU
		{4CD93148-DF16-440D-8324-710B460953C3}.AppStore|iPhone.ActiveCfg = Release|Any CPU
		{4CD93148-DF16-440D-8324-710B460953C3}.AppStore|iPhone.Build.0 = Release|Any CPU
		{4CD93148-DF16-440D-8324-710B460953C3}.AppStore|iPhone.Deploy.0 = Release|Any CPU
		{4CD93148-DF16-440D-8324-710B460953C3}.AppStore|iPhoneSimulator.ActiveCfg = Release|Any CPU
		{4CD93148-DF16-440D-8324-710B460953C3}.AppStore|iPhoneSimulator.Build.0 = Release|Any CPU
		{4CD93148-DF16-440D-8324-710B460953C3}.AppStore|iPhoneSimulator.Deploy.0 = Release|Any CPU
		{4CD93148-DF16-440D-8324-710B460953C3}.Debug|Any CPU.ActiveCfg = Debug|Any CPU
		{4CD93148-DF16-440D-8324-710B460953C3}.Debug|Any CPU.Build.0 = Debug|Any CPU
		{4CD93148-DF16-440D-8324-710B460953C3}.Debug|Any CPU.Deploy.0 = Debug|Any CPU
		{4CD93148-DF16-440D-8324-710B460953C3}.Debug|iPhone.ActiveCfg = Debug|Any CPU
		{4CD93148-DF16-440D-8324-710B460953C3}.Debug|iPhone.Build.0 = Debug|Any CPU
		{4CD93148-DF16-440D-8324-710B460953C3}.Debug|iPhone.Deploy.0 = Debug|Any CPU
		{4CD93148-DF16-440D-8324-710B460953C3}.Debug|iPhoneSimulator.ActiveCfg = Debug|Any CPU
		{4CD93148-DF16-440D-8324-710B460953C3}.Debug|iPhoneSimulator.Build.0 = Debug|Any CPU
		{4CD93148-DF16-440D-8324-710B460953C3}.Debug|iPhoneSimulator.Deploy.0 = Debug|Any CPU
		{4CD93148-DF16-440D-8324-710B460953C3}.Release|Any CPU.ActiveCfg = Release|Any CPU
		{4CD93148-DF16-440D-8324-710B460953C3}.Release|Any CPU.Build.0 = Release|Any CPU
		{4CD93148-DF16-440D-8324-710B460953C3}.Release|Any CPU.Deploy.0 = Release|Any CPU
		{4CD93148-DF16-440D-8324-710B460953C3}.Release|iPhone.ActiveCfg = Release|Any CPU
		{4CD93148-DF16-440D-8324-710B460953C3}.Release|iPhone.Build.0 = Release|Any CPU
		{4CD93148-DF16-440D-8324-710B460953C3}.Release|iPhone.Deploy.0 = Release|Any CPU
		{4CD93148-DF16-440D-8324-710B460953C3}.Release|iPhoneSimulator.ActiveCfg = Release|Any CPU
		{4CD93148-DF16-440D-8324-710B460953C3}.Release|iPhoneSimulator.Build.0 = Release|Any CPU
		{4CD93148-DF16-440D-8324-710B460953C3}.Release|iPhoneSimulator.Deploy.0 = Release|Any CPU
		{FDC5C5AD-A715-45DA-939B-22926076C696}.Ad-Hoc|Any CPU.ActiveCfg = Release|Any CPU
		{FDC5C5AD-A715-45DA-939B-22926076C696}.Ad-Hoc|Any CPU.Build.0 = Release|Any CPU
		{FDC5C5AD-A715-45DA-939B-22926076C696}.Ad-Hoc|iPhone.ActiveCfg = Release|Any CPU
		{FDC5C5AD-A715-45DA-939B-22926076C696}.Ad-Hoc|iPhone.Build.0 = Release|Any CPU
		{FDC5C5AD-A715-45DA-939B-22926076C696}.Ad-Hoc|iPhoneSimulator.ActiveCfg = Release|Any CPU
		{FDC5C5AD-A715-45DA-939B-22926076C696}.Ad-Hoc|iPhoneSimulator.Build.0 = Release|Any CPU
		{FDC5C5AD-A715-45DA-939B-22926076C696}.AppStore|Any CPU.ActiveCfg = Release|Any CPU
		{FDC5C5AD-A715-45DA-939B-22926076C696}.AppStore|Any CPU.Build.0 = Release|Any CPU
		{FDC5C5AD-A715-45DA-939B-22926076C696}.AppStore|iPhone.ActiveCfg = Release|Any CPU
		{FDC5C5AD-A715-45DA-939B-22926076C696}.AppStore|iPhone.Build.0 = Release|Any CPU
		{FDC5C5AD-A715-45DA-939B-22926076C696}.AppStore|iPhoneSimulator.ActiveCfg = Release|Any CPU
		{FDC5C5AD-A715-45DA-939B-22926076C696}.AppStore|iPhoneSimulator.Build.0 = Release|Any CPU
		{FDC5C5AD-A715-45DA-939B-22926076C696}.Debug|Any CPU.ActiveCfg = Debug|Any CPU
		{FDC5C5AD-A715-45DA-939B-22926076C696}.Debug|Any CPU.Build.0 = Debug|Any CPU
		{FDC5C5AD-A715-45DA-939B-22926076C696}.Debug|iPhone.ActiveCfg = Debug|Any CPU
		{FDC5C5AD-A715-45DA-939B-22926076C696}.Debug|iPhone.Build.0 = Debug|Any CPU
		{FDC5C5AD-A715-45DA-939B-22926076C696}.Debug|iPhoneSimulator.ActiveCfg = Debug|Any CPU
		{FDC5C5AD-A715-45DA-939B-22926076C696}.Debug|iPhoneSimulator.Build.0 = Debug|Any CPU
		{FDC5C5AD-A715-45DA-939B-22926076C696}.Release|Any CPU.ActiveCfg = Release|Any CPU
		{FDC5C5AD-A715-45DA-939B-22926076C696}.Release|Any CPU.Build.0 = Release|Any CPU
		{FDC5C5AD-A715-45DA-939B-22926076C696}.Release|iPhone.ActiveCfg = Release|Any CPU
		{FDC5C5AD-A715-45DA-939B-22926076C696}.Release|iPhone.Build.0 = Release|Any CPU
		{FDC5C5AD-A715-45DA-939B-22926076C696}.Release|iPhoneSimulator.ActiveCfg = Release|Any CPU
		{FDC5C5AD-A715-45DA-939B-22926076C696}.Release|iPhoneSimulator.Build.0 = Release|Any CPU
	EndGlobalSection
	GlobalSection(SolutionProperties) = preSolution
		HideSolutionNode = FALSE
	EndGlobalSection
EndGlobal
